// !$*UTF8*$!
{
	archiveVersion = 1;
	classes = {
	};
	objectVersion = 50;
	objects = {

/* Begin PBXBuildFile section */
		934EA33224C2E7C80005D477 /* AnimationHelper.swift in Sources */ = {isa = PBXBuildFile; fileRef = 934EA33124C2E7C80005D477 /* AnimationHelper.swift */; };
		93599E1224BCC4AA00C70BD7 /* AppDelegate.swift in Sources */ = {isa = PBXBuildFile; fileRef = 93599E1124BCC4AA00C70BD7 /* AppDelegate.swift */; };
		93599E1424BCC4AA00C70BD7 /* GameScene.sks in Resources */ = {isa = PBXBuildFile; fileRef = 93599E1324BCC4AA00C70BD7 /* GameScene.sks */; };
		93599E1824BCC4AA00C70BD7 /* GameScene.swift in Sources */ = {isa = PBXBuildFile; fileRef = 93599E1724BCC4AA00C70BD7 /* GameScene.swift */; };
		93599E1A24BCC4AA00C70BD7 /* GameViewController.swift in Sources */ = {isa = PBXBuildFile; fileRef = 93599E1924BCC4AA00C70BD7 /* GameViewController.swift */; };
		93599E1D24BCC4AA00C70BD7 /* Main.storyboard in Resources */ = {isa = PBXBuildFile; fileRef = 93599E1B24BCC4AA00C70BD7 /* Main.storyboard */; };
		93599E1F24BCC4AD00C70BD7 /* Assets.xcassets in Resources */ = {isa = PBXBuildFile; fileRef = 93599E1E24BCC4AD00C70BD7 /* Assets.xcassets */; };
		93599E2224BCC4AD00C70BD7 /* LaunchScreen.storyboard in Resources */ = {isa = PBXBuildFile; fileRef = 93599E2024BCC4AD00C70BD7 /* LaunchScreen.storyboard */; };
		93599E2B24BCDBA000C70BD7 /* Bill.swift in Sources */ = {isa = PBXBuildFile; fileRef = 93599E2A24BCDBA000C70BD7 /* Bill.swift */; };
		93F60FE224C2150D002AA743 /* ahh1.wav in Resources */ = {isa = PBXBuildFile; fileRef = 93F60FDD24C2150B002AA743 /* ahh1.wav */; };
		93F60FE324C2150D002AA743 /* ahh2.wav in Resources */ = {isa = PBXBuildFile; fileRef = 93F60FDE24C2150B002AA743 /* ahh2.wav */; };
		93F60FE424C2150D002AA743 /* ahh3.wav in Resources */ = {isa = PBXBuildFile; fileRef = 93F60FDF24C2150C002AA743 /* ahh3.wav */; };
		93F60FE524C2150D002AA743 /* ahh0.wav in Resources */ = {isa = PBXBuildFile; fileRef = 93F60FE024C2150D002AA743 /* ahh0.wav */; };
		93F60FE624C2150D002AA743 /* mssound.wav in Resources */ = {isa = PBXBuildFile; fileRef = 93F60FE124C2150D002AA743 /* mssound.wav */; };
		93F60FE824C2240D002AA743 /* GameConstants.swift in Sources */ = {isa = PBXBuildFile; fileRef = 93F60FE724C2240D002AA743 /* GameConstants.swift */; };
/* End PBXBuildFile section */

/* Begin PBXFileReference section */
		934EA33124C2E7C80005D477 /* AnimationHelper.swift */ = {isa = PBXFileReference; lastKnownFileType = sourcecode.swift; path = AnimationHelper.swift; sourceTree = "<group>"; };
		93599E0E24BCC4A900C70BD7 /* XBill.app */ = {isa = PBXFileReference; explicitFileType = wrapper.application; includeInIndex = 0; path = XBill.app; sourceTree = BUILT_PRODUCTS_DIR; };
		93599E1124BCC4AA00C70BD7 /* AppDelegate.swift */ = {isa = PBXFileReference; lastKnownFileType = sourcecode.swift; path = AppDelegate.swift; sourceTree = "<group>"; };
		93599E1324BCC4AA00C70BD7 /* GameScene.sks */ = {isa = PBXFileReference; lastKnownFileType = file.sks; path = GameScene.sks; sourceTree = "<group>"; };
		93599E1724BCC4AA00C70BD7 /* GameScene.swift */ = {isa = PBXFileReference; lastKnownFileType = sourcecode.swift; path = GameScene.swift; sourceTree = "<group>"; };
		93599E1924BCC4AA00C70BD7 /* GameViewController.swift */ = {isa = PBXFileReference; lastKnownFileType = sourcecode.swift; path = GameViewController.swift; sourceTree = "<group>"; };
		93599E1C24BCC4AA00C70BD7 /* Base */ = {isa = PBXFileReference; lastKnownFileType = file.storyboard; name = Base; path = Base.lproj/Main.storyboard; sourceTree = "<group>"; };
		93599E1E24BCC4AD00C70BD7 /* Assets.xcassets */ = {isa = PBXFileReference; lastKnownFileType = folder.assetcatalog; path = Assets.xcassets; sourceTree = "<group>"; };
		93599E2124BCC4AD00C70BD7 /* Base */ = {isa = PBXFileReference; lastKnownFileType = file.storyboard; name = Base; path = Base.lproj/LaunchScreen.storyboard; sourceTree = "<group>"; };
		93599E2324BCC4AD00C70BD7 /* Info.plist */ = {isa = PBXFileReference; lastKnownFileType = text.plist.xml; path = Info.plist; sourceTree = "<group>"; };
		93599E2A24BCDBA000C70BD7 /* Bill.swift */ = {isa = PBXFileReference; lastKnownFileType = sourcecode.swift; path = Bill.swift; sourceTree = "<group>"; };
		93F60FDD24C2150B002AA743 /* ahh1.wav */ = {isa = PBXFileReference; lastKnownFileType = audio.wav; path = ahh1.wav; sourceTree = "<group>"; };
		93F60FDE24C2150B002AA743 /* ahh2.wav */ = {isa = PBXFileReference; lastKnownFileType = audio.wav; path = ahh2.wav; sourceTree = "<group>"; };
		93F60FDF24C2150C002AA743 /* ahh3.wav */ = {isa = PBXFileReference; lastKnownFileType = audio.wav; path = ahh3.wav; sourceTree = "<group>"; };
		93F60FE024C2150D002AA743 /* ahh0.wav */ = {isa = PBXFileReference; lastKnownFileType = audio.wav; path = ahh0.wav; sourceTree = "<group>"; };
		93F60FE124C2150D002AA743 /* mssound.wav */ = {isa = PBXFileReference; lastKnownFileType = audio.wav; path = mssound.wav; sourceTree = "<group>"; };
		93F60FE724C2240D002AA743 /* GameConstants.swift */ = {isa = PBXFileReference; lastKnownFileType = sourcecode.swift; path = GameConstants.swift; sourceTree = "<group>"; };
/* End PBXFileReference section */

/* Begin PBXFrameworksBuildPhase section */
		93599E0B24BCC4A900C70BD7 /* Frameworks */ = {
			isa = PBXFrameworksBuildPhase;
			buildActionMask = 2147483647;
			files = (
			);
			runOnlyForDeploymentPostprocessing = 0;
		};
/* End PBXFrameworksBuildPhase section */

/* Begin PBXGroup section */
		93599E0524BCC4A900C70BD7 = {
			isa = PBXGroup;
			children = (
				93599E1024BCC4AA00C70BD7 /* XBill */,
				93599E0F24BCC4A900C70BD7 /* Products */,
			);
			sourceTree = "<group>";
		};
		93599E0F24BCC4A900C70BD7 /* Products */ = {
			isa = PBXGroup;
			children = (
				93599E0E24BCC4A900C70BD7 /* XBill.app */,
			);
			name = Products;
			sourceTree = "<group>";
		};
		93599E1024BCC4AA00C70BD7 /* XBill */ = {
			isa = PBXGroup;
			children = (
				93599E2924BCC96300C70BD7 /* audio */,
				93599E1124BCC4AA00C70BD7 /* AppDelegate.swift */,
				93599E1324BCC4AA00C70BD7 /* GameScene.sks */,
				93599E1724BCC4AA00C70BD7 /* GameScene.swift */,
				93599E1924BCC4AA00C70BD7 /* GameViewController.swift */,
				93599E1B24BCC4AA00C70BD7 /* Main.storyboard */,
				93599E1E24BCC4AD00C70BD7 /* Assets.xcassets */,
				93599E2024BCC4AD00C70BD7 /* LaunchScreen.storyboard */,
				93599E2324BCC4AD00C70BD7 /* Info.plist */,
				93599E2A24BCDBA000C70BD7 /* Bill.swift */,
				93F60FE724C2240D002AA743 /* GameConstants.swift */,
				934EA33124C2E7C80005D477 /* AnimationHelper.swift */,
			);
			path = XBill;
			sourceTree = "<group>";
		};
		93599E2924BCC96300C70BD7 /* audio */ = {
			isa = PBXGroup;
			children = (
				93F60FE024C2150D002AA743 /* ahh0.wav */,
				93F60FDD24C2150B002AA743 /* ahh1.wav */,
				93F60FDE24C2150B002AA743 /* ahh2.wav */,
				93F60FDF24C2150C002AA743 /* ahh3.wav */,
				93F60FE124C2150D002AA743 /* mssound.wav */,
			);
			path = audio;
			sourceTree = "<group>";
		};
/* End PBXGroup section */

/* Begin PBXNativeTarget section */
		93599E0D24BCC4A900C70BD7 /* XBill */ = {
			isa = PBXNativeTarget;
			buildConfigurationList = 93599E2624BCC4AD00C70BD7 /* Build configuration list for PBXNativeTarget "XBill" */;
			buildPhases = (
				93599E0A24BCC4A900C70BD7 /* Sources */,
				93599E0B24BCC4A900C70BD7 /* Frameworks */,
				93599E0C24BCC4A900C70BD7 /* Resources */,
			);
			buildRules = (
			);
			dependencies = (
			);
			name = XBill;
			productName = XBill;
			productReference = 93599E0E24BCC4A900C70BD7 /* XBill.app */;
			productType = "com.apple.product-type.application";
		};
/* End PBXNativeTarget section */

/* Begin PBXProject section */
		93599E0624BCC4A900C70BD7 /* Project object */ = {
			isa = PBXProject;
			attributes = {
				LastSwiftUpdateCheck = 1150;
				LastUpgradeCheck = 1150;
				ORGANIZATIONNAME = "Bryan Mansell";
				TargetAttributes = {
					93599E0D24BCC4A900C70BD7 = {
						CreatedOnToolsVersion = 11.5;
					};
				};
			};
			buildConfigurationList = 93599E0924BCC4A900C70BD7 /* Build configuration list for PBXProject "XBill" */;
			compatibilityVersion = "Xcode 9.3";
			developmentRegion = en;
			hasScannedForEncodings = 0;
			knownRegions = (
				en,
				Base,
			);
			mainGroup = 93599E0524BCC4A900C70BD7;
			productRefGroup = 93599E0F24BCC4A900C70BD7 /* Products */;
			projectDirPath = "";
			projectRoot = "";
			targets = (
				93599E0D24BCC4A900C70BD7 /* XBill */,
			);
		};
/* End PBXProject section */

/* Begin PBXResourcesBuildPhase section */
		93599E0C24BCC4A900C70BD7 /* Resources */ = {
			isa = PBXResourcesBuildPhase;
			buildActionMask = 2147483647;
			files = (
				93F60FE224C2150D002AA743 /* ahh1.wav in Resources */,
				93599E1D24BCC4AA00C70BD7 /* Main.storyboard in Resources */,
				93599E1424BCC4AA00C70BD7 /* GameScene.sks in Resources */,
				93F60FE324C2150D002AA743 /* ahh2.wav in Resources */,
				93599E1F24BCC4AD00C70BD7 /* Assets.xcassets in Resources */,
				93F60FE624C2150D002AA743 /* mssound.wav in Resources */,
				93F60FE524C2150D002AA743 /* ahh0.wav in Resources */,
				93F60FE424C2150D002AA743 /* ahh3.wav in Resources */,
				93599E2224BCC4AD00C70BD7 /* LaunchScreen.storyboard in Resources */,
			);
			runOnlyForDeploymentPostprocessing = 0;
		};
/* End PBXResourcesBuildPhase section */

/* Begin PBXSourcesBuildPhase section */
		93599E0A24BCC4A900C70BD7 /* Sources */ = {
			isa = PBXSourcesBuildPhase;
			buildActionMask = 2147483647;
			files = (
				93599E2B24BCDBA000C70BD7 /* Bill.swift in Sources */,
				93599E1824BCC4AA00C70BD7 /* GameScene.swift in Sources */,
				934EA33224C2E7C80005D477 /* AnimationHelper.swift in Sources */,
				93599E1A24BCC4AA00C70BD7 /* GameViewController.swift in Sources */,
				93599E1224BCC4AA00C70BD7 /* AppDelegate.swift in Sources */,
				93F60FE824C2240D002AA743 /* GameConstants.swift in Sources */,
			);
			runOnlyForDeploymentPostprocessing = 0;
		};
/* End PBXSourcesBuildPhase section */

/* Begin PBXVariantGroup section */
		93599E1B24BCC4AA00C70BD7 /* Main.storyboard */ = {
			isa = PBXVariantGroup;
			children = (
				93599E1C24BCC4AA00C70BD7 /* Base */,
			);
			name = Main.storyboard;
			sourceTree = "<group>";
		};
		93599E2024BCC4AD00C70BD7 /* LaunchScreen.storyboard */ = {
			isa = PBXVariantGroup;
			children = (
				93599E2124BCC4AD00C70BD7 /* Base */,
			);
			name = LaunchScreen.storyboard;
			sourceTree = "<group>";
		};
/* End PBXVariantGroup section */

/* Begin XCBuildConfiguration section */
		93599E2424BCC4AD00C70BD7 /* Debug */ = {
			isa = XCBuildConfiguration;
			buildSettings = {
				ALWAYS_SEARCH_USER_PATHS = NO;
				CLANG_ANALYZER_NONNULL = YES;
				CLANG_ANALYZER_NUMBER_OBJECT_CONVERSION = YES_AGGRESSIVE;
				CLANG_CXX_LANGUAGE_STANDARD = "gnu++14";
				CLANG_CXX_LIBRARY = "libc++";
				CLANG_ENABLE_MODULES = YES;
				CLANG_ENABLE_OBJC_ARC = YES;
				CLANG_ENABLE_OBJC_WEAK = YES;
				CLANG_WARN_BLOCK_CAPTURE_AUTORELEASING = YES;
				CLANG_WARN_BOOL_CONVERSION = YES;
				CLANG_WARN_COMMA = YES;
				CLANG_WARN_CONSTANT_CONVERSION = YES;
				CLANG_WARN_DEPRECATED_OBJC_IMPLEMENTATIONS = YES;
				CLANG_WARN_DIRECT_OBJC_ISA_USAGE = YES_ERROR;
				CLANG_WARN_DOCUMENTATION_COMMENTS = YES;
				CLANG_WARN_EMPTY_BODY = YES;
				CLANG_WARN_ENUM_CONVERSION = YES;
				CLANG_WARN_INFINITE_RECURSION = YES;
				CLANG_WARN_INT_CONVERSION = YES;
				CLANG_WARN_NON_LITERAL_NULL_CONVERSION = YES;
				CLANG_WARN_OBJC_IMPLICIT_RETAIN_SELF = YES;
				CLANG_WARN_OBJC_LITERAL_CONVERSION = YES;
				CLANG_WARN_OBJC_ROOT_CLASS = YES_ERROR;
				CLANG_WARN_RANGE_LOOP_ANALYSIS = YES;
				CLANG_WARN_STRICT_PROTOTYPES = YES;
				CLANG_WARN_SUSPICIOUS_MOVE = YES;
				CLANG_WARN_UNGUARDED_AVAILABILITY = YES_AGGRESSIVE;
				CLANG_WARN_UNREACHABLE_CODE = YES;
				CLANG_WARN__DUPLICATE_METHOD_MATCH = YES;
				COPY_PHASE_STRIP = NO;
				DEBUG_INFORMATION_FORMAT = dwarf;
				ENABLE_STRICT_OBJC_MSGSEND = YES;
				ENABLE_TESTABILITY = YES;
				GCC_C_LANGUAGE_STANDARD = gnu11;
				GCC_DYNAMIC_NO_PIC = NO;
				GCC_NO_COMMON_BLOCKS = YES;
				GCC_OPTIMIZATION_LEVEL = 0;
				GCC_PREPROCESSOR_DEFINITIONS = (
					"DEBUG=1",
					"$(inherited)",
				);
				GCC_WARN_64_TO_32_BIT_CONVERSION = YES;
				GCC_WARN_ABOUT_RETURN_TYPE = YES_ERROR;
				GCC_WARN_UNDECLARED_SELECTOR = YES;
				GCC_WARN_UNINITIALIZED_AUTOS = YES_AGGRESSIVE;
				GCC_WARN_UNUSED_FUNCTION = YES;
				GCC_WARN_UNUSED_VARIABLE = YES;
				IPHONEOS_DEPLOYMENT_TARGET = 13.5;
				MTL_ENABLE_DEBUG_INFO = INCLUDE_SOURCE;
				MTL_FAST_MATH = YES;
				ONLY_ACTIVE_ARCH = YES;
				SDKROOT = iphoneos;
				SWIFT_ACTIVE_COMPILATION_CONDITIONS = DEBUG;
				SWIFT_OPTIMIZATION_LEVEL = "-Onone";
			};
			name = Debug;
		};
		93599E2524BCC4AD00C70BD7 /* Release */ = {
			isa = XCBuildConfiguration;
			buildSettings = {
				ALWAYS_SEARCH_USER_PATHS = NO;
				CLANG_ANALYZER_NONNULL = YES;
				CLANG_ANALYZER_NUMBER_OBJECT_CONVERSION = YES_AGGRESSIVE;
				CLANG_CXX_LANGUAGE_STANDARD = "gnu++14";
				CLANG_CXX_LIBRARY = "libc++";
				CLANG_ENABLE_MODULES = YES;
				CLANG_ENABLE_OBJC_ARC = YES;
				CLANG_ENABLE_OBJC_WEAK = YES;
				CLANG_WARN_BLOCK_CAPTURE_AUTORELEASING = YES;
				CLANG_WARN_BOOL_CONVERSION = YES;
				CLANG_WARN_COMMA = YES;
				CLANG_WARN_CONSTANT_CONVERSION = YES;
				CLANG_WARN_DEPRECATED_OBJC_IMPLEMENTATIONS = YES;
				CLANG_WARN_DIRECT_OBJC_ISA_USAGE = YES_ERROR;
				CLANG_WARN_DOCUMENTATION_COMMENTS = YES;
				CLANG_WARN_EMPTY_BODY = YES;
				CLANG_WARN_ENUM_CONVERSION = YES;
				CLANG_WARN_INFINITE_RECURSION = YES;
				CLANG_WARN_INT_CONVERSION = YES;
				CLANG_WARN_NON_LITERAL_NULL_CONVERSION = YES;
				CLANG_WARN_OBJC_IMPLICIT_RETAIN_SELF = YES;
				CLANG_WARN_OBJC_LITERAL_CONVERSION = YES;
				CLANG_WARN_OBJC_ROOT_CLASS = YES_ERROR;
				CLANG_WARN_RANGE_LOOP_ANALYSIS = YES;
				CLANG_WARN_STRICT_PROTOTYPES = YES;
				CLANG_WARN_SUSPICIOUS_MOVE = YES;
				CLANG_WARN_UNGUARDED_AVAILABILITY = YES_AGGRESSIVE;
				CLANG_WARN_UNREACHABLE_CODE = YES;
				CLANG_WARN__DUPLICATE_METHOD_MATCH = YES;
				COPY_PHASE_STRIP = NO;
				DEBUG_INFORMATION_FORMAT = "dwarf-with-dsym";
				ENABLE_NS_ASSERTIONS = NO;
				ENABLE_STRICT_OBJC_MSGSEND = YES;
				GCC_C_LANGUAGE_STANDARD = gnu11;
				GCC_NO_COMMON_BLOCKS = YES;
				GCC_WARN_64_TO_32_BIT_CONVERSION = YES;
				GCC_WARN_ABOUT_RETURN_TYPE = YES_ERROR;
				GCC_WARN_UNDECLARED_SELECTOR = YES;
				GCC_WARN_UNINITIALIZED_AUTOS = YES_AGGRESSIVE;
				GCC_WARN_UNUSED_FUNCTION = YES;
				GCC_WARN_UNUSED_VARIABLE = YES;
				IPHONEOS_DEPLOYMENT_TARGET = 13.5;
				MTL_ENABLE_DEBUG_INFO = NO;
				MTL_FAST_MATH = YES;
				SDKROOT = iphoneos;
				SWIFT_COMPILATION_MODE = wholemodule;
				SWIFT_OPTIMIZATION_LEVEL = "-O";
				VALIDATE_PRODUCT = YES;
			};
			name = Release;
		};
		93599E2724BCC4AD00C70BD7 /* Debug */ = {
			isa = XCBuildConfiguration;
			buildSettings = {
				ASSETCATALOG_COMPILER_APPICON_NAME = AppIcon;
				CODE_SIGN_STYLE = Automatic;
				DEVELOPMENT_TEAM = KGC5RUP56K;
				INFOPLIST_FILE = XBill/Info.plist;
				IPHONEOS_DEPLOYMENT_TARGET = 13.6;
				LD_RUNPATH_SEARCH_PATHS = (
					"$(inherited)",
					"@executable_path/Frameworks",
				);
				PRODUCT_BUNDLE_IDENTIFIER = co.uk.bryanmansell.XBill;
				PRODUCT_NAME = "$(TARGET_NAME)";
				SWIFT_VERSION = 5.0;
				TARGETED_DEVICE_FAMILY = "1,2";
			};
			name = Debug;
		};
		93599E2824BCC4AD00C70BD7 /* Release */ = {
			isa = XCBuildConfiguration;
			buildSettings = {
				ASSETCATALOG_COMPILER_APPICON_NAME = AppIcon;
				CODE_SIGN_STYLE = Automatic;
				DEVELOPMENT_TEAM = KGC5RUP56K;
				INFOPLIST_FILE = XBill/Info.plist;
				IPHONEOS_DEPLOYMENT_TARGET = 13.6;
				LD_RUNPATH_SEARCH_PATHS = (
					"$(inherited)",
					"@executable_path/Frameworks",
				);
				PRODUCT_BUNDLE_IDENTIFIER = co.uk.bryanmansell.XBill;
				PRODUCT_NAME = "$(TARGET_NAME)";
				SWIFT_VERSION = 5.0;
				TARGETED_DEVICE_FAMILY = "1,2";
			};
			name = Release;
		};
/* End XCBuildConfiguration section */

/* Begin XCConfigurationList section */
		93599E0924BCC4A900C70BD7 /* Build configuration list for PBXProject "XBill" */ = {
			isa = XCConfigurationList;
			buildConfigurations = (
				93599E2424BCC4AD00C70BD7 /* Debug */,
				93599E2524BCC4AD00C70BD7 /* Release */,
			);
			defaultConfigurationIsVisible = 0;
			defaultConfigurationName = Release;
		};
		93599E2624BCC4AD00C70BD7 /* Build configuration list for PBXNativeTarget "XBill" */ = {
			isa = XCConfigurationList;
			buildConfigurations = (
				93599E2724BCC4AD00C70BD7 /* Debug */,
				93599E2824BCC4AD00C70BD7 /* Release */,
			);
			defaultConfigurationIsVisible = 0;
			defaultConfigurationName = Release;
		};
/* End XCConfigurationList section */
	};
	rootObject = 93599E0624BCC4A900C70BD7 /* Project object */;
}
